{
  "version": 4,
  "terraform_version": "1.7.3",
  "serial": 3,
  "lineage": "da45c1f7-8144-a8e6-2ca2-d9f6a5967895",
  "outputs": {},
  "resources": [
    {
      "mode": "data",
      "type": "terraform_remote_state",
      "name": "global",
      "provider": "provider[\"terraform.io/builtin/terraform\"]",
      "instances": [
        {
          "schema_version": 0,
          "attributes": {
            "backend": "s3",
            "config": {
              "value": {
                "bucket": "sanzhar-urazaliyev-project-terraform-state",
                "key": "globalvars/terraform/tfstate",
                "region": "ca-central-1"
              },
              "type": [
                "object",
                {
                  "bucket": "string",
                  "key": "string",
                  "region": "string"
                }
              ]
            },
            "defaults": null,
            "outputs": {
              "value": {
                "company_name": "ANDESA Soft International",
                "owner": "$Sanzhar Urazaliyev",
                "tags": {
                  "CostCenter": "R\u0026D",
                  "Country": "Canada",
                  "Project": "Assembly-2024"
                }
              },
              "type": [
                "object",
                {
                  "company_name": "string",
                  "owner": "string",
                  "tags": [
                    "object",
                    {
                      "CostCenter": "string",
                      "Country": "string",
                      "Project": "string"
                    }
                  ]
                }
              ]
            },
            "workspace": null
          },
          "sensitive_attributes": []
        }
      ]
    },
    {
      "mode": "managed",
      "type": "aws_vpc",
      "name": "vpc1",
      "provider": "provider[\"registry.terraform.io/hashicorp/aws\"]",
      "instances": [
        {
          "schema_version": 1,
          "attributes": {
            "arn": "arn:aws:ec2:ca-central-1:376027645952:vpc/vpc-01e9c2f45fc0b1f9b",
            "assign_generated_ipv6_cidr_block": false,
            "cidr_block": "10.0.0.0/16",
            "default_network_acl_id": "acl-000fe50e3face68e3",
            "default_route_table_id": "rtb-08119623ae165cada",
            "default_security_group_id": "sg-061b35fd2e385ff8b",
            "dhcp_options_id": "dopt-06728da8acc64dd99",
            "enable_dns_hostnames": false,
            "enable_dns_support": true,
            "enable_network_address_usage_metrics": false,
            "id": "vpc-01e9c2f45fc0b1f9b",
            "instance_tenancy": "default",
            "ipv4_ipam_pool_id": null,
            "ipv4_netmask_length": null,
            "ipv6_association_id": "",
            "ipv6_cidr_block": "",
            "ipv6_cidr_block_network_border_group": "",
            "ipv6_ipam_pool_id": "",
            "ipv6_netmask_length": 0,
            "main_route_table_id": "rtb-08119623ae165cada",
            "owner_id": "376027645952",
            "tags": {
              "Company": "ANDESA Soft International",
              "Name": "Stack1-VPC1",
              "Owner": "$Sanzhar Urazaliyev"
            },
            "tags_all": {
              "Company": "ANDESA Soft International",
              "Name": "Stack1-VPC1",
              "Owner": "$Sanzhar Urazaliyev"
            }
          },
          "sensitive_attributes": [],
          "private": "eyJzY2hlbWFfdmVyc2lvbiI6IjEifQ==",
          "dependencies": [
            "data.terraform_remote_state.global"
          ]
        }
      ]
    },
    {
      "mode": "managed",
      "type": "aws_vpc",
      "name": "vpc2",
      "provider": "provider[\"registry.terraform.io/hashicorp/aws\"]",
      "instances": [
        {
          "schema_version": 1,
          "attributes": {
            "arn": "arn:aws:ec2:ca-central-1:376027645952:vpc/vpc-09485cdf8eb12b9b4",
            "assign_generated_ipv6_cidr_block": false,
            "cidr_block": "10.0.0.0/16",
            "default_network_acl_id": "acl-01aed7c300c731c82",
            "default_route_table_id": "rtb-06708b006355310ca",
            "default_security_group_id": "sg-0929fd77dc56ecb0e",
            "dhcp_options_id": "dopt-06728da8acc64dd99",
            "enable_dns_hostnames": false,
            "enable_dns_support": true,
            "enable_network_address_usage_metrics": false,
            "id": "vpc-09485cdf8eb12b9b4",
            "instance_tenancy": "default",
            "ipv4_ipam_pool_id": null,
            "ipv4_netmask_length": null,
            "ipv6_association_id": "",
            "ipv6_cidr_block": "",
            "ipv6_cidr_block_network_border_group": "",
            "ipv6_ipam_pool_id": "",
            "ipv6_netmask_length": 0,
            "main_route_table_id": "rtb-06708b006355310ca",
            "owner_id": "376027645952",
            "tags": {
              "CostCenter": "R\u0026D",
              "Country": "Canada",
              "Name": "Stack1-VPC2",
              "Project": "Assembly-2024"
            },
            "tags_all": {
              "CostCenter": "R\u0026D",
              "Country": "Canada",
              "Name": "Stack1-VPC2",
              "Project": "Assembly-2024"
            }
          },
          "sensitive_attributes": [],
          "private": "eyJzY2hlbWFfdmVyc2lvbiI6IjEifQ==",
          "dependencies": [
            "data.terraform_remote_state.global"
          ]
        }
      ]
    }
  ],
  "check_results": null
}
