{
  "version": 4,
  "terraform_version": "1.7.3",
  "serial": 11,
  "lineage": "bf3b0c27-5448-99e2-5c26-6d3efef603cd",
  "outputs": {
    "aws_vpcs": {
      "value": [
        "vpc-0d12358c556315103",
        "vpc-07d1355a842584d7b",
        "vpc-091fff01c655e0748"
      ],
      "type": [
        "list",
        "string"
      ]
    },
    "data_aws_availability_zones": {
      "value": [
        "eu-central-1a",
        "eu-central-1b",
        "eu-central-1c"
      ],
      "type": [
        "list",
        "string"
      ]
    },
    "data_aws_caller_identity": {
      "value": "376027645952",
      "type": "string"
    },
    "data_aws_region_description": {
      "value": "Europe (Frankfurt)",
      "type": "string"
    },
    "data_aws_region_name": {
      "value": "eu-central-1",
      "type": "string"
    },
    "prog_vpc_cidr": {
      "value": "10.20.0.0/16",
      "type": "string"
    },
    "prog_vpc_id": {
      "value": "vpc-07d1355a842584d7b",
      "type": "string"
    }
  },
  "resources": [
    {
      "mode": "data",
      "type": "aws_availability_zones",
      "name": "working",
      "provider": "provider[\"registry.terraform.io/hashicorp/aws\"]",
      "instances": [
        {
          "schema_version": 0,
          "attributes": {
            "all_availability_zones": null,
            "exclude_names": null,
            "exclude_zone_ids": null,
            "filter": null,
            "group_names": [
              "eu-central-1"
            ],
            "id": "eu-central-1",
            "names": [
              "eu-central-1a",
              "eu-central-1b",
              "eu-central-1c"
            ],
            "state": null,
            "timeouts": null,
            "zone_ids": [
              "euc1-az2",
              "euc1-az3",
              "euc1-az1"
            ]
          },
          "sensitive_attributes": []
        }
      ]
    },
    {
      "mode": "data",
      "type": "aws_caller_identity",
      "name": "current",
      "provider": "provider[\"registry.terraform.io/hashicorp/aws\"]",
      "instances": [
        {
          "schema_version": 0,
          "attributes": {
            "account_id": "376027645952",
            "arn": "arn:aws:iam::376027645952:user/admin2",
            "id": "376027645952",
            "user_id": "AIDAVPDH6RAALO6MYZ774"
          },
          "sensitive_attributes": []
        }
      ]
    },
    {
      "mode": "data",
      "type": "aws_region",
      "name": "current",
      "provider": "provider[\"registry.terraform.io/hashicorp/aws\"]",
      "instances": [
        {
          "schema_version": 0,
          "attributes": {
            "description": "Europe (Frankfurt)",
            "endpoint": "ec2.eu-central-1.amazonaws.com",
            "id": "eu-central-1",
            "name": "eu-central-1"
          },
          "sensitive_attributes": []
        }
      ]
    },
    {
      "mode": "data",
      "type": "aws_vpc",
      "name": "prog_vpc",
      "provider": "provider[\"registry.terraform.io/hashicorp/aws\"]",
      "instances": [
        {
          "schema_version": 0,
          "attributes": {
            "arn": "arn:aws:ec2:eu-central-1:376027645952:vpc/vpc-07d1355a842584d7b",
            "cidr_block": "10.20.0.0/16",
            "cidr_block_associations": [
              {
                "association_id": "vpc-cidr-assoc-0a3384c59db4e16b4",
                "cidr_block": "10.20.0.0/16",
                "state": "associated"
              }
            ],
            "default": false,
            "dhcp_options_id": "dopt-0c5cd5eacba7b2f0f",
            "enable_dns_hostnames": false,
            "enable_dns_support": true,
            "enable_network_address_usage_metrics": false,
            "filter": null,
            "id": "vpc-07d1355a842584d7b",
            "instance_tenancy": "default",
            "ipv6_association_id": "",
            "ipv6_cidr_block": "",
            "main_route_table_id": "rtb-0f3abd520d66c79ea",
            "owner_id": "376027645952",
            "state": null,
            "tags": {
              "Name": "prog"
            },
            "timeouts": null
          },
          "sensitive_attributes": []
        }
      ]
    },
    {
      "mode": "data",
      "type": "aws_vpcs",
      "name": "foo",
      "provider": "provider[\"registry.terraform.io/hashicorp/aws\"]",
      "instances": [
        {
          "schema_version": 0,
          "attributes": {
            "filter": null,
            "id": "eu-central-1",
            "ids": [
              "vpc-0d12358c556315103",
              "vpc-07d1355a842584d7b",
              "vpc-091fff01c655e0748"
            ],
            "tags": null,
            "timeouts": null
          },
          "sensitive_attributes": []
        }
      ]
    },
    {
      "mode": "managed",
      "type": "aws_subnet",
      "name": "prog_subnet_1",
      "provider": "provider[\"registry.terraform.io/hashicorp/aws\"]",
      "instances": [
        {
          "schema_version": 1,
          "attributes": {
            "arn": "arn:aws:ec2:eu-central-1:376027645952:subnet/subnet-01b68425ad4c940c2",
            "assign_ipv6_address_on_creation": false,
            "availability_zone": "eu-central-1a",
            "availability_zone_id": "euc1-az2",
            "cidr_block": "10.20.1.0/24",
            "customer_owned_ipv4_pool": "",
            "enable_dns64": false,
            "enable_lni_at_device_index": 0,
            "enable_resource_name_dns_a_record_on_launch": false,
            "enable_resource_name_dns_aaaa_record_on_launch": false,
            "id": "subnet-01b68425ad4c940c2",
            "ipv6_cidr_block": "",
            "ipv6_cidr_block_association_id": "",
            "ipv6_native": false,
            "map_customer_owned_ip_on_launch": false,
            "map_public_ip_on_launch": false,
            "outpost_arn": "",
            "owner_id": "376027645952",
            "private_dns_hostname_type_on_launch": "ip-name",
            "tags": {
              "Account": "Subnet in Account 376027645952",
              "Name": "Subnet-1 in eu-central-1a",
              "Region": "eu-central-1"
            },
            "tags_all": {
              "Account": "Subnet in Account 376027645952",
              "Name": "Subnet-1 in eu-central-1a",
              "Region": "eu-central-1"
            },
            "timeouts": null,
            "vpc_id": "vpc-07d1355a842584d7b"
          },
          "sensitive_attributes": [],
          "private": "eyJlMmJmYjczMC1lY2FhLTExZTYtOGY4OC0zNDM2M2JjN2M0YzAiOnsiY3JlYXRlIjo2MDAwMDAwMDAwMDAsImRlbGV0ZSI6MTIwMDAwMDAwMDAwMH0sInNjaGVtYV92ZXJzaW9uIjoiMSJ9",
          "dependencies": [
            "data.aws_availability_zones.working",
            "data.aws_caller_identity.current",
            "data.aws_region.current",
            "data.aws_vpc.prog_vpc"
          ]
        }
      ]
    },
    {
      "mode": "managed",
      "type": "aws_subnet",
      "name": "prog_subnet_2",
      "provider": "provider[\"registry.terraform.io/hashicorp/aws\"]",
      "instances": [
        {
          "schema_version": 1,
          "attributes": {
            "arn": "arn:aws:ec2:eu-central-1:376027645952:subnet/subnet-0d436561853a1193c",
            "assign_ipv6_address_on_creation": false,
            "availability_zone": "eu-central-1b",
            "availability_zone_id": "euc1-az3",
            "cidr_block": "10.20.2.0/24",
            "customer_owned_ipv4_pool": "",
            "enable_dns64": false,
            "enable_lni_at_device_index": 0,
            "enable_resource_name_dns_a_record_on_launch": false,
            "enable_resource_name_dns_aaaa_record_on_launch": false,
            "id": "subnet-0d436561853a1193c",
            "ipv6_cidr_block": "",
            "ipv6_cidr_block_association_id": "",
            "ipv6_native": false,
            "map_customer_owned_ip_on_launch": false,
            "map_public_ip_on_launch": false,
            "outpost_arn": "",
            "owner_id": "376027645952",
            "private_dns_hostname_type_on_launch": "ip-name",
            "tags": {
              "Account": "Subnet in Account 376027645952",
              "Name": "Subnet-2 in eu-central-1b",
              "Region": "eu-central-1"
            },
            "tags_all": {
              "Account": "Subnet in Account 376027645952",
              "Name": "Subnet-2 in eu-central-1b",
              "Region": "eu-central-1"
            },
            "timeouts": null,
            "vpc_id": "vpc-07d1355a842584d7b"
          },
          "sensitive_attributes": [],
          "private": "eyJlMmJmYjczMC1lY2FhLTExZTYtOGY4OC0zNDM2M2JjN2M0YzAiOnsiY3JlYXRlIjo2MDAwMDAwMDAwMDAsImRlbGV0ZSI6MTIwMDAwMDAwMDAwMH0sInNjaGVtYV92ZXJzaW9uIjoiMSJ9",
          "dependencies": [
            "data.aws_availability_zones.working",
            "data.aws_caller_identity.current",
            "data.aws_region.current",
            "data.aws_vpc.prog_vpc"
          ]
        }
      ]
    }
  ],
  "check_results": null
}
