{
  "version": 4,
  "terraform_version": "1.7.3",
  "serial": 13,
  "lineage": "8145ea02-a708-cc2f-7f8a-0181fe8c7350",
  "outputs": {
    "rds_password": {
      "value": "T6yN1@JS8rZ9",
      "type": "string",
      "sensitive": true
    }
  },
  "resources": [
    {
      "mode": "data",
      "type": "aws_ssm_parameter",
      "name": "my_rds_password",
      "provider": "provider[\"registry.terraform.io/hashicorp/aws\"]",
      "instances": [
        {
          "schema_version": 0,
          "attributes": {
            "arn": "arn:aws:ssm:ca-central-1:376027645952:parameter/prod/mysql",
            "id": "/prod/mysql",
            "insecure_value": "",
            "name": "/prod/mysql",
            "type": "SecureString",
            "value": "T6yN1@JS8rZ9",
            "version": 2,
            "with_decryption": true
          },
          "sensitive_attributes": []
        }
      ]
    },
    {
      "mode": "managed",
      "type": "aws_db_instance",
      "name": "default",
      "provider": "provider[\"registry.terraform.io/hashicorp/aws\"]",
      "instances": [
        {
          "schema_version": 2,
          "attributes": {
            "address": "prod-rds.cju4ko88mmt6.ca-central-1.rds.amazonaws.com",
            "allocated_storage": 20,
            "allow_major_version_upgrade": null,
            "apply_immediately": true,
            "arn": "arn:aws:rds:ca-central-1:376027645952:db:prod-rds",
            "auto_minor_version_upgrade": true,
            "availability_zone": "ca-central-1d",
            "backup_retention_period": 0,
            "backup_target": "region",
            "backup_window": "08:54-09:24",
            "blue_green_update": [],
            "ca_cert_identifier": "rds-ca-rsa2048-g1",
            "character_set_name": "",
            "copy_tags_to_snapshot": false,
            "custom_iam_instance_profile": "",
            "customer_owned_ip_enabled": false,
            "db_name": "",
            "db_subnet_group_name": "default",
            "delete_automated_backups": true,
            "deletion_protection": false,
            "domain": "",
            "domain_auth_secret_arn": "",
            "domain_dns_ips": [],
            "domain_fqdn": "",
            "domain_iam_role_name": "",
            "domain_ou": "",
            "enabled_cloudwatch_logs_exports": [],
            "endpoint": "prod-rds.cju4ko88mmt6.ca-central-1.rds.amazonaws.com:3306",
            "engine": "mysql",
            "engine_version": "5.7",
            "engine_version_actual": "5.7.44",
            "final_snapshot_identifier": null,
            "hosted_zone_id": "Z1JG78A3UK1DU3",
            "iam_database_authentication_enabled": false,
            "id": "db-UQXZWWVS5WRSELOLLQ3NPFFVEU",
            "identifier": "prod-rds",
            "identifier_prefix": "",
            "instance_class": "db.t3.micro",
            "iops": 0,
            "kms_key_id": "",
            "latest_restorable_time": "",
            "license_model": "general-public-license",
            "listener_endpoint": [],
            "maintenance_window": "wed:07:51-wed:08:21",
            "manage_master_user_password": null,
            "master_user_secret": [],
            "master_user_secret_kms_key_id": null,
            "max_allocated_storage": 0,
            "monitoring_interval": 0,
            "monitoring_role_arn": "",
            "multi_az": false,
            "nchar_character_set_name": "",
            "network_type": "IPV4",
            "option_group_name": "default:mysql-5-7",
            "parameter_group_name": "default.mysql5.7",
            "password": "T6yN1@JS8rZ9",
            "performance_insights_enabled": false,
            "performance_insights_kms_key_id": "",
            "performance_insights_retention_period": 0,
            "port": 3306,
            "publicly_accessible": false,
            "replica_mode": "",
            "replicas": [],
            "replicate_source_db": "",
            "resource_id": "db-UQXZWWVS5WRSELOLLQ3NPFFVEU",
            "restore_to_point_in_time": [],
            "s3_import": [],
            "skip_final_snapshot": true,
            "snapshot_identifier": null,
            "status": "available",
            "storage_encrypted": false,
            "storage_throughput": 0,
            "storage_type": "gp2",
            "tags": {},
            "tags_all": {},
            "timeouts": null,
            "timezone": "",
            "username": "administrator",
            "vpc_security_group_ids": [
              "sg-0ccb54fc30ec79b31"
            ]
          },
          "sensitive_attributes": [
            [
              {
                "type": "get_attr",
                "value": "password"
              }
            ]
          ],
          "private": "eyJlMmJmYjczMC1lY2FhLTExZTYtOGY4OC0zNDM2M2JjN2M0YzAiOnsiY3JlYXRlIjoyNDAwMDAwMDAwMDAwLCJkZWxldGUiOjM2MDAwMDAwMDAwMDAsInVwZGF0ZSI6NDgwMDAwMDAwMDAwMH0sInNjaGVtYV92ZXJzaW9uIjoiMiJ9",
          "dependencies": [
            "aws_ssm_parameter.rds_password",
            "data.aws_ssm_parameter.my_rds_password",
            "random_string.rds_password"
          ]
        }
      ]
    },
    {
      "mode": "managed",
      "type": "aws_ssm_parameter",
      "name": "rds_password",
      "provider": "provider[\"registry.terraform.io/hashicorp/aws\"]",
      "instances": [
        {
          "schema_version": 0,
          "attributes": {
            "allowed_pattern": "",
            "arn": "arn:aws:ssm:ca-central-1:376027645952:parameter/prod/mysql",
            "data_type": "text",
            "description": "Master Password for RDS MySQL",
            "id": "/prod/mysql",
            "insecure_value": null,
            "key_id": "alias/aws/ssm",
            "name": "/prod/mysql",
            "overwrite": null,
            "tags": {},
            "tags_all": {},
            "tier": "Standard",
            "type": "SecureString",
            "value": "T6yN1@JS8rZ9",
            "version": 2
          },
          "sensitive_attributes": [],
          "private": "bnVsbA==",
          "dependencies": [
            "random_string.rds_password"
          ]
        }
      ]
    },
    {
      "mode": "managed",
      "type": "random_string",
      "name": "rds_password",
      "provider": "provider[\"registry.terraform.io/hashicorp/random\"]",
      "instances": [
        {
          "schema_version": 2,
          "attributes": {
            "id": "T6yN1@JS8rZ9",
            "keepers": {
              "keeper1": "vas"
            },
            "length": 12,
            "lower": true,
            "min_lower": 0,
            "min_numeric": 0,
            "min_special": 0,
            "min_upper": 0,
            "number": true,
            "numeric": true,
            "override_special": "!@#$",
            "result": "T6yN1@JS8rZ9",
            "special": true,
            "upper": true
          },
          "sensitive_attributes": []
        }
      ]
    }
  ],
  "check_results": null
}
