{
  "version": 4,
  "terraform_version": "1.7.3",
  "serial": 3,
  "lineage": "33c53946-a639-f0be-67fc-5c27e582804f",
  "outputs": {
    "network_output": {
      "value": {
        "backend": "s3",
        "config": {
          "bucket": "sanzhar-project-aws-terraform-tfstate",
          "key": "dev/network/terraform.tfstate",
          "region": "ca-central-1"
        },
        "defaults": null,
        "outputs": {
          "vpc_cidr": "10.0.0.0/16",
          "vpc_id": "vpc-07a6adcd9f3be8065"
        },
        "workspace": null
      },
      "type": [
        "object",
        {
          "backend": "string",
          "config": [
            "object",
            {
              "bucket": "string",
              "key": "string",
              "region": "string"
            }
          ],
          "defaults": "dynamic",
          "outputs": [
            "object",
            {
              "vpc_cidr": "string",
              "vpc_id": "string"
            }
          ],
          "workspace": "string"
        }
      ]
    }
  },
  "resources": [
    {
      "mode": "data",
      "type": "terraform_remote_state",
      "name": "network",
      "provider": "provider[\"terraform.io/builtin/terraform\"]",
      "instances": [
        {
          "schema_version": 0,
          "attributes": {
            "backend": "s3",
            "config": {
              "value": {
                "bucket": "sanzhar-project-aws-terraform-tfstate",
                "key": "dev/network/terraform.tfstate",
                "region": "ca-central-1"
              },
              "type": [
                "object",
                {
                  "bucket": "string",
                  "key": "string",
                  "region": "string"
                }
              ]
            },
            "defaults": null,
            "outputs": {
              "value": {
                "vpc_cidr": "10.0.0.0/16",
                "vpc_id": "vpc-07a6adcd9f3be8065"
              },
              "type": [
                "object",
                {
                  "vpc_cidr": "string",
                  "vpc_id": "string"
                }
              ]
            },
            "workspace": null
          },
          "sensitive_attributes": []
        }
      ]
    },
    {
      "mode": "managed",
      "type": "aws_security_group",
      "name": "webserver",
      "provider": "provider[\"registry.terraform.io/hashicorp/aws\"]",
      "instances": [
        {
          "schema_version": 1,
          "attributes": {
            "arn": "arn:aws:ec2:ca-central-1:376027645952:security-group/sg-0b7e51bab69f5106d",
            "description": "Managed by Terraform",
            "egress": [
              {
                "cidr_blocks": [
                  "0.0.0.0/0"
                ],
                "description": "",
                "from_port": 0,
                "ipv6_cidr_blocks": [],
                "prefix_list_ids": [],
                "protocol": "-1",
                "security_groups": [],
                "self": false,
                "to_port": 0
              }
            ],
            "id": "sg-0b7e51bab69f5106d",
            "ingress": [
              {
                "cidr_blocks": [
                  "0.0.0.0/0"
                ],
                "description": "",
                "from_port": 80,
                "ipv6_cidr_blocks": [],
                "prefix_list_ids": [],
                "protocol": "tcp",
                "security_groups": [],
                "self": false,
                "to_port": 80
              },
              {
                "cidr_blocks": [
                  "10.0.0.0/16"
                ],
                "description": "",
                "from_port": 22,
                "ipv6_cidr_blocks": [],
                "prefix_list_ids": [],
                "protocol": "tcp",
                "security_groups": [],
                "self": false,
                "to_port": 22
              }
            ],
            "name": "WebServer Security Group",
            "name_prefix": "",
            "owner_id": "376027645952",
            "revoke_rules_on_delete": false,
            "tags": {
              "Name": "web-server-sg",
              "Owner": "Sanzhar Urazaliyev"
            },
            "tags_all": {
              "Name": "web-server-sg",
              "Owner": "Sanzhar Urazaliyev"
            },
            "timeouts": null,
            "vpc_id": "vpc-07a6adcd9f3be8065"
          },
          "sensitive_attributes": [],
          "private": "eyJlMmJmYjczMC1lY2FhLTExZTYtOGY4OC0zNDM2M2JjN2M0YzAiOnsiY3JlYXRlIjo2MDAwMDAwMDAwMDAsImRlbGV0ZSI6OTAwMDAwMDAwMDAwfSwic2NoZW1hX3ZlcnNpb24iOiIxIn0=",
          "dependencies": [
            "data.terraform_remote_state.network"
          ]
        }
      ]
    }
  ],
  "check_results": null
}
